{
  "version": "4",
  "specifiers": {
    "npm:@prisma/client@5.21.0": "5.21.0_prisma@5.21.1",
    "npm:prisma@*": "5.21.1"
  },
  "npm": {
    "@prisma/client@5.21.0_prisma@5.21.1": {
      "integrity": "sha512-Qf2YleB3dsCRXiKSQZ+j0aF5E+ojpfqF8ExXaNAWBbAhKapMduwNvgo13K2pEuTiQq8voG2aQPQnxjsO9fOpTQ==",
      "dependencies": [
        "prisma"
      ]
    },
    "@prisma/debug@5.21.1": {
      "integrity": "sha512-uY8SAhcnORhvgtOrNdvWS98Aq/nkQ9QDUxrWAgW8XrCZaI3j2X7zb7Xe6GQSh6xSesKffFbFlkw0c2luHQviZA=="
    },
    "@prisma/engines-version@5.21.1-1.bf0e5e8a04cada8225617067eaa03d041e2bba36": {
      "integrity": "sha512-qvnEflL0//lh44S/T9NcvTMxfyowNeUxTunPcDfKPjyJNrCNf2F1zQLcUv5UHAruECpX+zz21CzsC7V2xAeM7Q=="
    },
    "@prisma/engines@5.21.1": {
      "integrity": "sha512-hGVTldUkIkTwoV8//hmnAAiAchi4oMEKD3aW5H2RrnI50tTdwza7VQbTTAyN3OIHWlK5DVg6xV7X8N/9dtOydA==",
      "dependencies": [
        "@prisma/debug",
        "@prisma/engines-version",
        "@prisma/fetch-engine",
        "@prisma/get-platform"
      ]
    },
    "@prisma/fetch-engine@5.21.1": {
      "integrity": "sha512-70S31vgpCGcp9J+mh/wHtLCkVezLUqe/fGWk3J3JWZIN7prdYSlr1C0niaWUyNK2VflLXYi8kMjAmSxUVq6WGQ==",
      "dependencies": [
        "@prisma/debug",
        "@prisma/engines-version",
        "@prisma/get-platform"
      ]
    },
    "@prisma/get-platform@5.21.1": {
      "integrity": "sha512-sRxjL3Igst3ct+e8ya/x//cDXmpLbZQ5vfps2N4tWl4VGKQAmym77C/IG/psSMsQKszc8uFC/q1dgmKFLUgXZQ==",
      "dependencies": [
        "@prisma/debug"
      ]
    },
    "fsevents@2.3.3": {
      "integrity": "sha512-5xoDfX+fL7faATnagmWPpbFtwh/R77WmMMqqHGS65C3vvB0YHrgF+B1YmZ3441tMj5n63k0212XNoJwzlhffQw=="
    },
    "prisma@5.21.1": {
      "integrity": "sha512-PB+Iqzld/uQBPaaw2UVIk84kb0ITsLajzsxzsadxxl54eaU5Gyl2/L02ysivHxK89t7YrfQJm+Ggk37uvM70oQ==",
      "dependencies": [
        "@prisma/engines",
        "fsevents"
      ]
    }
  },
  "workspace": {
    "dependencies": [
      "jsr:@std/assert@1",
      "jsr:@std/dotenv@0.225.2",
      "npm:@prisma/client@5.21.0"
    ],
    "members": {
      "packages/cli": {
        "dependencies": [
          "jsr:@std/assert@1"
        ]
      },
      "templates/discord-bot": {
        "dependencies": [
          "jsr:@std/assert@1"
        ]
      }
    }
  }
}
